
Microsoft Visual Studio Solution File, Format Version 12.00
# Visual Studio Version 17
VisualStudioVersion = 17.1.32228.430
MinimumVisualStudioVersion = 10.0.40219.1
Project("{FAE04EC0-301F-11D3-BF4B-00C04F79EFBC}") = "RoundedDistributionComparison5", "RoundedDistributionComparison5.csproj", "{99734BD2-269B-415D-8FC0-72CC897B51A1}"
EndProject
Global
	GlobalSection(SolutionConfigurationPlatforms) = preSolution
		Debug|Any CPU = Debug|Any CPU
		Release|Any CPU = Release|Any CPU
	EndGlobalSection
	GlobalSection(ProjectConfigurationPlatforms) = postSolution
		{99734BD2-269B-415D-8FC0-72CC897B51A1}.Debug|Any CPU.ActiveCfg = Debug|Any CPU
		{99734BD2-269B-415D-8FC0-72CC897B51A1}.Debug|Any CPU.Build.0 = Debug|Any CPU
		{99734BD2-269B-415D-8FC0-72CC897B51A1}.Release|Any CPU.ActiveCfg = Release|Any CPU
		{99734BD2-269B-415D-8FC0-72CC897B51A1}.Release|Any CPU.Build.0 = Release|Any CPU
	EndGlobalSection
	GlobalSection(SolutionProperties) = preSolution
		HideSolutionNode = FALSE
	EndGlobalSection
	GlobalSection(ExtensibilityGlobals) = postSolution
		SolutionGuid = {3E84A364-5658-4E37-9AB1-5B5D8FA1B5DB}
	EndGlobalSection
EndGlobal
